{
  "version": 4,
  "terraform_version": "1.2.8",
  "serial": 213,
  "lineage": "8a5cdb11-22eb-0864-0c42-8c2bbe7319c2",
  "outputs": {
    "arn": {
      "value": [
        "arn:aws:lambda:ap-south-1:285993504765:layer:pto_detector_layer:17"
      ],
      "type": [
        "tuple",
        [
          "string"
        ]
      ]
    },
    "lambda_function": {
      "value": "pto_detector_dummy1",
      "type": "string"
    }
  },
  "resources": [
    {
      "mode": "data",
      "type": "archive_file",
      "name": "lambda_layer_zip",
      "provider": "provider[\"registry.terraform.io/hashicorp/archive\"]",
      "instances": [
        {
          "schema_version": 0,
          "attributes": {
            "excludes": null,
            "id": "2eb65bd183332d2dbff8d3c427b7caf74446c1e8",
            "output_base64sha256": "B2HLk0dy1xZBDi7ILAyMI2tZGTtA6nEk2MlmvMPhk0I=",
            "output_file_mode": null,
            "output_md5": "7d150901110e673da3cbd69e563e4072",
            "output_path": "outputs/requirements.zip",
            "output_sha": "2eb65bd183332d2dbff8d3c427b7caf74446c1e8",
            "output_size": 10334901,
            "source": [],
            "source_content": null,
            "source_content_filename": null,
            "source_dir": "./lambdas/requirements",
            "source_file": null,
            "type": "zip"
          },
          "sensitive_attributes": []
        }
      ]
    },
    {
      "mode": "data",
      "type": "archive_file",
      "name": "zip",
      "provider": "provider[\"registry.terraform.io/hashicorp/archive\"]",
      "instances": [
        {
          "schema_version": 0,
          "attributes": {
            "excludes": null,
            "id": "e156483fea4254d6ba377f3732f32b707118d73d",
            "output_base64sha256": "vmTxYwvBUkt/ji49rqFW/prYUejG/wkwKFxwc2M1gck=",
            "output_file_mode": null,
            "output_md5": "d88c566020c4c8f952e3175a6ac6b047",
            "output_path": "outputs/lambda_file.zip",
            "output_sha": "e156483fea4254d6ba377f3732f32b707118d73d",
            "output_size": 1159,
            "source": [],
            "source_content": null,
            "source_content_filename": null,
            "source_dir": null,
            "source_file": "./lambdas/downloaded_lambda.py",
            "type": "zip"
          },
          "sensitive_attributes": []
        }
      ]
    },
    {
      "mode": "managed",
      "type": "aws_lambda_function",
      "name": "lambda",
      "provider": "provider[\"registry.terraform.io/hashicorp/aws\"]",
      "instances": [
        {
          "schema_version": 0,
          "attributes": {
            "architectures": [
              "x86_64"
            ],
            "arn": "arn:aws:lambda:ap-south-1:285993504765:function:pto_detector_dummy1",
            "code_signing_config_arn": "",
            "dead_letter_config": [],
            "description": "",
            "environment": [],
            "ephemeral_storage": [
              {
                "size": 512
              }
            ],
            "file_system_config": [],
            "filename": "outputs/lambda_file.zip",
            "function_name": "pto_detector_dummy1",
            "handler": "pto_detector_dummy.lambda_handler",
            "id": "pto_detector_dummy1",
            "image_config": [],
            "image_uri": "",
            "invoke_arn": "arn:aws:apigateway:ap-south-1:lambda:path/2015-03-31/functions/arn:aws:lambda:ap-south-1:285993504765:function:pto_detector_dummy1/invocations",
            "kms_key_arn": "",
            "last_modified": "2022-11-14T20:29:54.220+0000",
            "layers": [
              "arn:aws:lambda:ap-south-1:285993504765:layer:pto_detector_layer:17"
            ],
            "memory_size": 128,
            "package_type": "Zip",
            "publish": false,
            "qualified_arn": "arn:aws:lambda:ap-south-1:285993504765:function:pto_detector_dummy1:$LATEST",
            "qualified_invoke_arn": "arn:aws:apigateway:ap-south-1:lambda:path/2015-03-31/functions/arn:aws:lambda:ap-south-1:285993504765:function:pto_detector_dummy1:$LATEST/invocations",
            "reserved_concurrent_executions": -1,
            "role": "arn:aws:iam::285993504765:role/lambda-deployer",
            "runtime": "python3.7",
            "s3_bucket": null,
            "s3_key": null,
            "s3_object_version": null,
            "signing_job_arn": "",
            "signing_profile_version_arn": "",
            "source_code_hash": "vmTxYwvBUkt/ji49rqFW/prYUejG/wkwKFxwc2M1gck=",
            "source_code_size": 1159,
            "tags": null,
            "tags_all": {},
            "timeout": 3,
            "timeouts": null,
            "tracing_config": [
              {
                "mode": "Active"
              }
            ],
            "version": "$LATEST",
            "vpc_config": []
          },
          "sensitive_attributes": [],
          "private": "eyJlMmJmYjczMC1lY2FhLTExZTYtOGY4OC0zNDM2M2JjN2M0YzAiOnsiY3JlYXRlIjo2MDAwMDAwMDAwMDB9fQ==",
          "dependencies": [
            "aws_lambda_layer_version.lambda_layer",
            "data.archive_file.lambda_layer_zip",
            "data.archive_file.zip",
            "null_resource.lambda_download"
          ]
        }
      ]
    },
    {
      "mode": "managed",
      "type": "aws_lambda_layer_version",
      "name": "lambda_layer",
      "provider": "provider[\"registry.terraform.io/hashicorp/aws\"]",
      "instances": [
        {
          "schema_version": 0,
          "attributes": {
            "arn": "arn:aws:lambda:ap-south-1:285993504765:layer:pto_detector_layer:17",
            "compatible_architectures": null,
            "compatible_runtimes": [
              "python3.6",
              "python3.7",
              "python3.8"
            ],
            "created_date": "2022-11-14T20:29:53.701+0000",
            "description": "",
            "filename": "outputs/requirements.zip",
            "id": "arn:aws:lambda:ap-south-1:285993504765:layer:pto_detector_layer:17",
            "layer_arn": "arn:aws:lambda:ap-south-1:285993504765:layer:pto_detector_layer",
            "layer_name": "pto_detector_layer",
            "license_info": "",
            "s3_bucket": null,
            "s3_key": null,
            "s3_object_version": null,
            "signing_job_arn": "",
            "signing_profile_version_arn": "",
            "skip_destroy": false,
            "source_code_hash": "B2HLk0dy1xZBDi7ILAyMI2tZGTtA6nEk2MlmvMPhk0I=",
            "source_code_size": 10334901,
            "version": "17"
          },
          "sensitive_attributes": [],
          "private": "bnVsbA==",
          "dependencies": [
            "data.archive_file.lambda_layer_zip",
            "null_resource.lambda_download"
          ]
        }
      ]
    },
    {
      "mode": "managed",
      "type": "null_resource",
      "name": "lambda_download",
      "provider": "provider[\"registry.terraform.io/hashicorp/null\"]",
      "instances": [
        {
          "schema_version": 0,
          "attributes": {
            "id": "134020434",
            "triggers": null
          },
          "sensitive_attributes": []
        }
      ]
    }
  ]
}
