{
  "version": 4,
  "terraform_version": "1.2.8",
  "serial": 6,
  "lineage": "d759c666-a580-65af-ba8e-8d12455740c1",
  "outputs": {},
  "resources": [
    {
      "mode": "data",
      "type": "archive_file",
      "name": "pto_detector_dummy",
      "provider": "provider[\"registry.terraform.io/hashicorp/archive\"]",
      "instances": [
        {
          "schema_version": 0,
          "attributes": {
            "excludes": null,
            "id": "d115b280310a1ef73ff29bc0eb8ea3537cc0a44a",
            "output_base64sha256": "8/INP82yj61Y3y8GkvCIe3uOEM4EQdNNTZJrMPTreFI=",
            "output_file_mode": null,
            "output_md5": "800fd4b415cf8a6c677280e0f28fb113",
            "output_path": "outputs/pto_detector_dummy.zip",
            "output_sha": "d115b280310a1ef73ff29bc0eb8ea3537cc0a44a",
            "output_size": 222,
            "source": [],
            "source_content": null,
            "source_content_filename": null,
            "source_dir": null,
            "source_file": "pto_detector_dummy.py",
            "type": "zip"
          },
          "sensitive_attributes": []
        }
      ]
    },
    {
      "mode": "managed",
      "type": "aws_lambda_function",
      "name": "test_lambda",
      "provider": "provider[\"registry.terraform.io/hashicorp/aws\"]",
      "instances": [
        {
          "schema_version": 0,
          "attributes": {
            "architectures": [
              "x86_64"
            ],
            "arn": "arn:aws:lambda:ap-south-1:285993504765:function:pto_detector_dummy",
            "code_signing_config_arn": "",
            "dead_letter_config": [],
            "description": "",
            "environment": [],
            "ephemeral_storage": [
              {
                "size": 512
              }
            ],
            "file_system_config": [],
            "filename": "outputs/pto_detector_dummy.zip",
            "function_name": "pto_detector_dummy",
            "handler": "pto_detector_dummy.main_handler",
            "id": "pto_detector_dummy",
            "image_config": [],
            "image_uri": "",
            "invoke_arn": "arn:aws:apigateway:ap-south-1:lambda:path/2015-03-31/functions/arn:aws:lambda:ap-south-1:285993504765:function:pto_detector_dummy/invocations",
            "kms_key_arn": "",
            "last_modified": "2022-09-07T15:30:26.582+0000",
            "layers": null,
            "memory_size": 128,
            "package_type": "Zip",
            "publish": false,
            "qualified_arn": "arn:aws:lambda:ap-south-1:285993504765:function:pto_detector_dummy:$LATEST",
            "reserved_concurrent_executions": -1,
            "role": "arn:aws:iam::285993504765:role/lambda-deployer",
            "runtime": "python3.7",
            "s3_bucket": null,
            "s3_key": null,
            "s3_object_version": null,
            "signing_job_arn": "",
            "signing_profile_version_arn": "",
            "source_code_hash": "8/INP82yj61Y3y8GkvCIe3uOEM4EQdNNTZJrMPTreFI=",
            "source_code_size": 222,
            "tags": null,
            "tags_all": {},
            "timeout": 3,
            "timeouts": null,
            "tracing_config": [
              {
                "mode": "PassThrough"
              }
            ],
            "version": "$LATEST",
            "vpc_config": []
          },
          "sensitive_attributes": [],
          "private": "eyJlMmJmYjczMC1lY2FhLTExZTYtOGY4OC0zNDM2M2JjN2M0YzAiOnsiY3JlYXRlIjo2MDAwMDAwMDAwMDB9fQ=="
        }
      ]
    }
  ]
}
